
Microsoft Visual Studio Solution File, Format Version 12.00
# Visual Studio Version 17
VisualStudioVersion = 17.14.36414.22 d17.14
MinimumVisualStudioVersion = 10.0.40219.1
Project("{FAE04EC0-301F-11D3-BF4B-00C04F79EFBC}") = "AwesomeAdminsEventManager", "AwesomeAdminsEventManager\AwesomeAdminsEventManager.csproj", "{043B7466-B322-4C4C-A207-0D42FD1FEDF0}"
EndProject
Global
	GlobalSection(SolutionConfigurationPlatforms) = preSolution
		Debug|Any CPU = Debug|Any CPU
		Release|Any CPU = Release|Any CPU
	EndGlobalSection
	GlobalSection(ProjectConfigurationPlatforms) = postSolution
		{043B7466-B322-4C4C-A207-0D42FD1FEDF0}.Debug|Any CPU.ActiveCfg = Debug|Any CPU
		{043B7466-B322-4C4C-A207-0D42FD1FEDF0}.Debug|Any CPU.Build.0 = Debug|Any CPU
		{043B7466-B322-4C4C-A207-0D42FD1FEDF0}.Release|Any CPU.ActiveCfg = Release|Any CPU
		{043B7466-B322-4C4C-A207-0D42FD1FEDF0}.Release|Any CPU.Build.0 = Release|Any CPU
	EndGlobalSection
	GlobalSection(SolutionProperties) = preSolution
		HideSolutionNode = FALSE
	EndGlobalSection
	GlobalSection(ExtensibilityGlobals) = postSolution
		SolutionGuid = {5A30A8CF-E9FB-422B-AAC6-3D149F950EF1}
	EndGlobalSection
EndGlobal
