
Microsoft Visual Studio Solution File, Format Version 12.00
# Visual Studio Version 17
VisualStudioVersion = 17.14.36414.22
MinimumVisualStudioVersion = 10.0.40219.1
Project("{FAE04EC0-301F-11D3-BF4B-00C04F79EFBC}") = "AwesomeAdminsEventManager", "AwesomeAdminsTicketManager\AwesomeAdminsEventManager.csproj", "{6DA98047-F888-4F72-AEEB-3D395540C51F}"
EndProject
Global
	GlobalSection(SolutionConfigurationPlatforms) = preSolution
		Debug|Any CPU = Debug|Any CPU
		Release|Any CPU = Release|Any CPU
	EndGlobalSection
	GlobalSection(ProjectConfigurationPlatforms) = postSolution
		{6DA98047-F888-4F72-AEEB-3D395540C51F}.Debug|Any CPU.ActiveCfg = Debug|Any CPU
		{6DA98047-F888-4F72-AEEB-3D395540C51F}.Debug|Any CPU.Build.0 = Debug|Any CPU
		{6DA98047-F888-4F72-AEEB-3D395540C51F}.Release|Any CPU.ActiveCfg = Release|Any CPU
		{6DA98047-F888-4F72-AEEB-3D395540C51F}.Release|Any CPU.Build.0 = Release|Any CPU
	EndGlobalSection
	GlobalSection(SolutionProperties) = preSolution
		HideSolutionNode = FALSE
	EndGlobalSection
	GlobalSection(ExtensibilityGlobals) = postSolution
		SolutionGuid = {82652992-0315-4C01-B164-DF5B2587F7EE}
	EndGlobalSection
EndGlobal
